// !$*UTF8*$!
{
	archiveVersion = 1;
	classes = {
	};
	objectVersion = 56;
	objects = {

/* Begin PBXBuildFile section */
		5A89E8B129B92F8600A440A8 /* AppDelegate.swift in Sources */ = {isa = PBXBuildFile; fileRef = 5A89E8B029B92F8600A440A8 /* AppDelegate.swift */; };
		5A89E8B329B92F8600A440A8 /* SceneDelegate.swift in Sources */ = {isa = PBXBuildFile; fileRef = 5A89E8B229B92F8600A440A8 /* SceneDelegate.swift */; };
		5A89E8B529B92F8600A440A8 /* ViewController.swift in Sources */ = {isa = PBXBuildFile; fileRef = 5A89E8B429B92F8600A440A8 /* ViewController.swift */; };
		5A89E8B829B92F8600A440A8 /* Main.storyboard in Resources */ = {isa = PBXBuildFile; fileRef = 5A89E8B629B92F8600A440A8 /* Main.storyboard */; };
		5A89E8BA29B92F8800A440A8 /* Assets.xcassets in Resources */ = {isa = PBXBuildFile; fileRef = 5A89E8B929B92F8800A440A8 /* Assets.xcassets */; };
		5A89E8BD29B92F8800A440A8 /* LaunchScreen.storyboard in Resources */ = {isa = PBXBuildFile; fileRef = 5A89E8BB29B92F8800A440A8 /* LaunchScreen.storyboard */; };
		5A89E8C829B92F8800A440A8 /* BestFigmaPlugInTests.swift in Sources */ = {isa = PBXBuildFile; fileRef = 5A89E8C729B92F8800A440A8 /* BestFigmaPlugInTests.swift */; };
		5A89E8D229B92F8800A440A8 /* BestFigmaPlugInUITests.swift in Sources */ = {isa = PBXBuildFile; fileRef = 5A89E8D129B92F8800A440A8 /* BestFigmaPlugInUITests.swift */; };
		5A89E8D429B92F8800A440A8 /* BestFigmaPlugInUITestsLaunchTests.swift in Sources */ = {isa = PBXBuildFile; fileRef = 5A89E8D329B92F8800A440A8 /* BestFigmaPlugInUITestsLaunchTests.swift */; };
		5A89E8E129B9308600A440A8 /* SwiftUIView.swift in Sources */ = {isa = PBXBuildFile; fileRef = 5A89E8E029B9308600A440A8 /* SwiftUIView.swift */; };
/* End PBXBuildFile section */

/* Begin PBXContainerItemProxy section */
		5A89E8C429B92F8800A440A8 /* PBXContainerItemProxy */ = {
			isa = PBXContainerItemProxy;
			containerPortal = 5A89E8A529B92F8600A440A8 /* Project object */;
			proxyType = 1;
			remoteGlobalIDString = 5A89E8AC29B92F8600A440A8;
			remoteInfo = BestFigmaPlugIn;
		};
		5A89E8CE29B92F8800A440A8 /* PBXContainerItemProxy */ = {
			isa = PBXContainerItemProxy;
			containerPortal = 5A89E8A529B92F8600A440A8 /* Project object */;
			proxyType = 1;
			remoteGlobalIDString = 5A89E8AC29B92F8600A440A8;
			remoteInfo = BestFigmaPlugIn;
		};
/* End PBXContainerItemProxy section */

/* Begin PBXFileReference section */
		5A89E8AD29B92F8600A440A8 /* BestFigmaPlugIn.app */ = {isa = PBXFileReference; explicitFileType = wrapper.application; includeInIndex = 0; path = BestFigmaPlugIn.app; sourceTree = BUILT_PRODUCTS_DIR; };
		5A89E8B029B92F8600A440A8 /* AppDelegate.swift */ = {isa = PBXFileReference; lastKnownFileType = sourcecode.swift; path = AppDelegate.swift; sourceTree = "<group>"; };
		5A89E8B229B92F8600A440A8 /* SceneDelegate.swift */ = {isa = PBXFileReference; lastKnownFileType = sourcecode.swift; path = SceneDelegate.swift; sourceTree = "<group>"; };
		5A89E8B429B92F8600A440A8 /* ViewController.swift */ = {isa = PBXFileReference; lastKnownFileType = sourcecode.swift; path = ViewController.swift; sourceTree = "<group>"; };
		5A89E8B729B92F8600A440A8 /* Base */ = {isa = PBXFileReference; lastKnownFileType = file.storyboard; name = Base; path = Base.lproj/Main.storyboard; sourceTree = "<group>"; };
		5A89E8B929B92F8800A440A8 /* Assets.xcassets */ = {isa = PBXFileReference; lastKnownFileType = folder.assetcatalog; path = Assets.xcassets; sourceTree = "<group>"; };
		5A89E8BC29B92F8800A440A8 /* Base */ = {isa = PBXFileReference; lastKnownFileType = file.storyboard; name = Base; path = Base.lproj/LaunchScreen.storyboard; sourceTree = "<group>"; };
		5A89E8BE29B92F8800A440A8 /* Info.plist */ = {isa = PBXFileReference; lastKnownFileType = text.plist.xml; path = Info.plist; sourceTree = "<group>"; };
		5A89E8C329B92F8800A440A8 /* BestFigmaPlugInTests.xctest */ = {isa = PBXFileReference; explicitFileType = wrapper.cfbundle; includeInIndex = 0; path = BestFigmaPlugInTests.xctest; sourceTree = BUILT_PRODUCTS_DIR; };
		5A89E8C729B92F8800A440A8 /* BestFigmaPlugInTests.swift */ = {isa = PBXFileReference; lastKnownFileType = sourcecode.swift; path = BestFigmaPlugInTests.swift; sourceTree = "<group>"; };
		5A89E8CD29B92F8800A440A8 /* BestFigmaPlugInUITests.xctest */ = {isa = PBXFileReference; explicitFileType = wrapper.cfbundle; includeInIndex = 0; path = BestFigmaPlugInUITests.xctest; sourceTree = BUILT_PRODUCTS_DIR; };
		5A89E8D129B92F8800A440A8 /* BestFigmaPlugInUITests.swift */ = {isa = PBXFileReference; lastKnownFileType = sourcecode.swift; path = BestFigmaPlugInUITests.swift; sourceTree = "<group>"; };
		5A89E8D329B92F8800A440A8 /* BestFigmaPlugInUITestsLaunchTests.swift */ = {isa = PBXFileReference; lastKnownFileType = sourcecode.swift; path = BestFigmaPlugInUITestsLaunchTests.swift; sourceTree = "<group>"; };
		5A89E8E029B9308600A440A8 /* SwiftUIView.swift */ = {isa = PBXFileReference; lastKnownFileType = sourcecode.swift; path = SwiftUIView.swift; sourceTree = "<group>"; };
/* End PBXFileReference section */

/* Begin PBXFrameworksBuildPhase section */
		5A89E8AA29B92F8600A440A8 /* Frameworks */ = {
			isa = PBXFrameworksBuildPhase;
			buildActionMask = 2147483647;
			files = (
			);
			runOnlyForDeploymentPostprocessing = 0;
		};
		5A89E8C029B92F8800A440A8 /* Frameworks */ = {
			isa = PBXFrameworksBuildPhase;
			buildActionMask = 2147483647;
			files = (
			);
			runOnlyForDeploymentPostprocessing = 0;
		};
		5A89E8CA29B92F8800A440A8 /* Frameworks */ = {
			isa = PBXFrameworksBuildPhase;
			buildActionMask = 2147483647;
			files = (
			);
			runOnlyForDeploymentPostprocessing = 0;
		};
/* End PBXFrameworksBuildPhase section */

/* Begin PBXGroup section */
		5A89E8A429B92F8600A440A8 = {
			isa = PBXGroup;
			children = (
				5A89E8AF29B92F8600A440A8 /* BestFigmaPlugIn */,
				5A89E8C629B92F8800A440A8 /* BestFigmaPlugInTests */,
				5A89E8D029B92F8800A440A8 /* BestFigmaPlugInUITests */,
				5A89E8AE29B92F8600A440A8 /* Products */,
			);
			sourceTree = "<group>";
		};
		5A89E8AE29B92F8600A440A8 /* Products */ = {
			isa = PBXGroup;
			children = (
				5A89E8AD29B92F8600A440A8 /* BestFigmaPlugIn.app */,
				5A89E8C329B92F8800A440A8 /* BestFigmaPlugInTests.xctest */,
				5A89E8CD29B92F8800A440A8 /* BestFigmaPlugInUITests.xctest */,
			);
			name = Products;
			sourceTree = "<group>";
		};
		5A89E8AF29B92F8600A440A8 /* BestFigmaPlugIn */ = {
			isa = PBXGroup;
			children = (
				5A89E8B029B92F8600A440A8 /* AppDelegate.swift */,
				5A89E8B229B92F8600A440A8 /* SceneDelegate.swift */,
				5A89E8B429B92F8600A440A8 /* ViewController.swift */,
				5A89E8E029B9308600A440A8 /* SwiftUIView.swift */,
				5A89E8B629B92F8600A440A8 /* Main.storyboard */,
				5A89E8B929B92F8800A440A8 /* Assets.xcassets */,
				5A89E8BB29B92F8800A440A8 /* LaunchScreen.storyboard */,
				5A89E8BE29B92F8800A440A8 /* Info.plist */,
			);
			path = BestFigmaPlugIn;
			sourceTree = "<group>";
		};
		5A89E8C629B92F8800A440A8 /* BestFigmaPlugInTests */ = {
			isa = PBXGroup;
			children = (
				5A89E8C729B92F8800A440A8 /* BestFigmaPlugInTests.swift */,
			);
			path = BestFigmaPlugInTests;
			sourceTree = "<group>";
		};
		5A89E8D029B92F8800A440A8 /* BestFigmaPlugInUITests */ = {
			isa = PBXGroup;
			children = (
				5A89E8D129B92F8800A440A8 /* BestFigmaPlugInUITests.swift */,
				5A89E8D329B92F8800A440A8 /* BestFigmaPlugInUITestsLaunchTests.swift */,
			);
			path = BestFigmaPlugInUITests;
			sourceTree = "<group>";
		};
/* End PBXGroup section */

/* Begin PBXNativeTarget section */
		5A89E8AC29B92F8600A440A8 /* BestFigmaPlugIn */ = {
			isa = PBXNativeTarget;
			buildConfigurationList = 5A89E8D729B92F8800A440A8 /* Build configuration list for PBXNativeTarget "BestFigmaPlugIn" */;
			buildPhases = (
				5A89E8A929B92F8600A440A8 /* Sources */,
				5A89E8AA29B92F8600A440A8 /* Frameworks */,
				5A89E8AB29B92F8600A440A8 /* Resources */,
			);
			buildRules = (
			);
			dependencies = (
			);
			name = BestFigmaPlugIn;
			productName = BestFigmaPlugIn;
			productReference = 5A89E8AD29B92F8600A440A8 /* BestFigmaPlugIn.app */;
			productType = "com.apple.product-type.application";
		};
		5A89E8C229B92F8800A440A8 /* BestFigmaPlugInTests */ = {
			isa = PBXNativeTarget;
			buildConfigurationList = 5A89E8DA29B92F8800A440A8 /* Build configuration list for PBXNativeTarget "BestFigmaPlugInTests" */;
			buildPhases = (
				5A89E8BF29B92F8800A440A8 /* Sources */,
				5A89E8C029B92F8800A440A8 /* Frameworks */,
				5A89E8C129B92F8800A440A8 /* Resources */,
			);
			buildRules = (
			);
			dependencies = (
				5A89E8C529B92F8800A440A8 /* PBXTargetDependency */,
			);
			name = BestFigmaPlugInTests;
			productName = BestFigmaPlugInTests;
			productReference = 5A89E8C329B92F8800A440A8 /* BestFigmaPlugInTests.xctest */;
			productType = "com.apple.product-type.bundle.unit-test";
		};
		5A89E8CC29B92F8800A440A8 /* BestFigmaPlugInUITests */ = {
			isa = PBXNativeTarget;
			buildConfigurationList = 5A89E8DD29B92F8800A440A8 /* Build configuration list for PBXNativeTarget "BestFigmaPlugInUITests" */;
			buildPhases = (
				5A89E8C929B92F8800A440A8 /* Sources */,
				5A89E8CA29B92F8800A440A8 /* Frameworks */,
				5A89E8CB29B92F8800A440A8 /* Resources */,
			);
			buildRules = (
			);
			dependencies = (
				5A89E8CF29B92F8800A440A8 /* PBXTargetDependency */,
			);
			name = BestFigmaPlugInUITests;
			productName = BestFigmaPlugInUITests;
			productReference = 5A89E8CD29B92F8800A440A8 /* BestFigmaPlugInUITests.xctest */;
			productType = "com.apple.product-type.bundle.ui-testing";
		};
/* End PBXNativeTarget section */

/* Begin PBXProject section */
		5A89E8A529B92F8600A440A8 /* Project object */ = {
			isa = PBXProject;
			attributes = {
				BuildIndependentTargetsInParallel = 1;
				LastSwiftUpdateCheck = 1410;
				LastUpgradeCheck = 1410;
				TargetAttributes = {
					5A89E8AC29B92F8600A440A8 = {
						CreatedOnToolsVersion = 14.1;
					};
					5A89E8C229B92F8800A440A8 = {
						CreatedOnToolsVersion = 14.1;
						TestTargetID = 5A89E8AC29B92F8600A440A8;
					};
					5A89E8CC29B92F8800A440A8 = {
						CreatedOnToolsVersion = 14.1;
						TestTargetID = 5A89E8AC29B92F8600A440A8;
					};
				};
			};
			buildConfigurationList = 5A89E8A829B92F8600A440A8 /* Build configuration list for PBXProject "BestFigmaPlugIn" */;
			compatibilityVersion = "Xcode 14.0";
			developmentRegion = en;
			hasScannedForEncodings = 0;
			knownRegions = (
				en,
				Base,
			);
			mainGroup = 5A89E8A429B92F8600A440A8;
			productRefGroup = 5A89E8AE29B92F8600A440A8 /* Products */;
			projectDirPath = "";
			projectRoot = "";
			targets = (
				5A89E8AC29B92F8600A440A8 /* BestFigmaPlugIn */,
				5A89E8C229B92F8800A440A8 /* BestFigmaPlugInTests */,
				5A89E8CC29B92F8800A440A8 /* BestFigmaPlugInUITests */,
			);
		};
/* End PBXProject section */

/* Begin PBXResourcesBuildPhase section */
		5A89E8AB29B92F8600A440A8 /* Resources */ = {
			isa = PBXResourcesBuildPhase;
			buildActionMask = 2147483647;
			files = (
				5A89E8BD29B92F8800A440A8 /* LaunchScreen.storyboard in Resources */,
				5A89E8BA29B92F8800A440A8 /* Assets.xcassets in Resources */,
				5A89E8B829B92F8600A440A8 /* Main.storyboard in Resources */,
			);
			runOnlyForDeploymentPostprocessing = 0;
		};
		5A89E8C129B92F8800A440A8 /* Resources */ = {
			isa = PBXResourcesBuildPhase;
			buildActionMask = 2147483647;
			files = (
			);
			runOnlyForDeploymentPostprocessing = 0;
		};
		5A89E8CB29B92F8800A440A8 /* Resources */ = {
			isa = PBXResourcesBuildPhase;
			buildActionMask = 2147483647;
			files = (
			);
			runOnlyForDeploymentPostprocessing = 0;
		};
/* End PBXResourcesBuildPhase section */

/* Begin PBXSourcesBuildPhase section */
		5A89E8A929B92F8600A440A8 /* Sources */ = {
			isa = PBXSourcesBuildPhase;
			buildActionMask = 2147483647;
			files = (
				5A89E8B529B92F8600A440A8 /* ViewController.swift in Sources */,
				5A89E8B129B92F8600A440A8 /* AppDelegate.swift in Sources */,
				5A89E8E129B9308600A440A8 /* SwiftUIView.swift in Sources */,
				5A89E8B329B92F8600A440A8 /* SceneDelegate.swift in Sources */,
			);
			runOnlyForDeploymentPostprocessing = 0;
		};
		5A89E8BF29B92F8800A440A8 /* Sources */ = {
			isa = PBXSourcesBuildPhase;
			buildActionMask = 2147483647;
			files = (
				5A89E8C829B92F8800A440A8 /* BestFigmaPlugInTests.swift in Sources */,
			);
			runOnlyForDeploymentPostprocessing = 0;
		};
		5A89E8C929B92F8800A440A8 /* Sources */ = {
			isa = PBXSourcesBuildPhase;
			buildActionMask = 2147483647;
			files = (
				5A89E8D429B92F8800A440A8 /* BestFigmaPlugInUITestsLaunchTests.swift in Sources */,
				5A89E8D229B92F8800A440A8 /* BestFigmaPlugInUITests.swift in Sources */,
			);
			runOnlyForDeploymentPostprocessing = 0;
		};
/* End PBXSourcesBuildPhase section */

/* Begin PBXTargetDependency section */
		5A89E8C529B92F8800A440A8 /* PBXTargetDependency */ = {
			isa = PBXTargetDependency;
			target = 5A89E8AC29B92F8600A440A8 /* BestFigmaPlugIn */;
			targetProxy = 5A89E8C429B92F8800A440A8 /* PBXContainerItemProxy */;
		};
		5A89E8CF29B92F8800A440A8 /* PBXTargetDependency */ = {
			isa = PBXTargetDependency;
			target = 5A89E8AC29B92F8600A440A8 /* BestFigmaPlugIn */;
			targetProxy = 5A89E8CE29B92F8800A440A8 /* PBXContainerItemProxy */;
		};
/* End PBXTargetDependency section */

/* Begin PBXVariantGroup section */
		5A89E8B629B92F8600A440A8 /* Main.storyboard */ = {
			isa = PBXVariantGroup;
			children = (
				5A89E8B729B92F8600A440A8 /* Base */,
			);
			name = Main.storyboard;
			sourceTree = "<group>";
		};
		5A89E8BB29B92F8800A440A8 /* LaunchScreen.storyboard */ = {
			isa = PBXVariantGroup;
			children = (
				5A89E8BC29B92F8800A440A8 /* Base */,
			);
			name = LaunchScreen.storyboard;
			sourceTree = "<group>";
		};
/* End PBXVariantGroup section */

/* Begin XCBuildConfiguration section */
		5A89E8D529B92F8800A440A8 /* Debug */ = {
			isa = XCBuildConfiguration;
			buildSettings = {
				ALWAYS_SEARCH_USER_PATHS = NO;
				CLANG_ANALYZER_NONNULL = YES;
				CLANG_ANALYZER_NUMBER_OBJECT_CONVERSION = YES_AGGRESSIVE;
				CLANG_CXX_LANGUAGE_STANDARD = "gnu++20";
				CLANG_ENABLE_MODULES = YES;
				CLANG_ENABLE_OBJC_ARC = YES;
				CLANG_ENABLE_OBJC_WEAK = YES;
				CLANG_WARN_BLOCK_CAPTURE_AUTORELEASING = YES;
				CLANG_WARN_BOOL_CONVERSION = YES;
				CLANG_WARN_COMMA = YES;
				CLANG_WARN_CONSTANT_CONVERSION = YES;
				CLANG_WARN_DEPRECATED_OBJC_IMPLEMENTATIONS = YES;
				CLANG_WARN_DIRECT_OBJC_ISA_USAGE = YES_ERROR;
				CLANG_WARN_DOCUMENTATION_COMMENTS = YES;
				CLANG_WARN_EMPTY_BODY = YES;
				CLANG_WARN_ENUM_CONVERSION = YES;
				CLANG_WARN_INFINITE_RECURSION = YES;
				CLANG_WARN_INT_CONVERSION = YES;
				CLANG_WARN_NON_LITERAL_NULL_CONVERSION = YES;
				CLANG_WARN_OBJC_IMPLICIT_RETAIN_SELF = YES;
				CLANG_WARN_OBJC_LITERAL_CONVERSION = YES;
				CLANG_WARN_OBJC_ROOT_CLASS = YES_ERROR;
				CLANG_WARN_QUOTED_INCLUDE_IN_FRAMEWORK_HEADER = YES;
				CLANG_WARN_RANGE_LOOP_ANALYSIS = YES;
				CLANG_WARN_STRICT_PROTOTYPES = YES;
				CLANG_WARN_SUSPICIOUS_MOVE = YES;
				CLANG_WARN_UNGUARDED_AVAILABILITY = YES_AGGRESSIVE;
				CLANG_WARN_UNREACHABLE_CODE = YES;
				CLANG_WARN__DUPLICATE_METHOD_MATCH = YES;
				COPY_PHASE_STRIP = NO;
				DEBUG_INFORMATION_FORMAT = dwarf;
				ENABLE_STRICT_OBJC_MSGSEND = YES;
				ENABLE_TESTABILITY = YES;
				GCC_C_LANGUAGE_STANDARD = gnu11;
				GCC_DYNAMIC_NO_PIC = NO;
				GCC_NO_COMMON_BLOCKS = YES;
				GCC_OPTIMIZATION_LEVEL = 0;
				GCC_PREPROCESSOR_DEFINITIONS = (
					"DEBUG=1",
					"$(inherited)",
				);
				GCC_WARN_64_TO_32_BIT_CONVERSION = YES;
				GCC_WARN_ABOUT_RETURN_TYPE = YES_ERROR;
				GCC_WARN_UNDECLARED_SELECTOR = YES;
				GCC_WARN_UNINITIALIZED_AUTOS = YES_AGGRESSIVE;
				GCC_WARN_UNUSED_FUNCTION = YES;
				GCC_WARN_UNUSED_VARIABLE = YES;
				IPHONEOS_DEPLOYMENT_TARGET = 16.1;
				MTL_ENABLE_DEBUG_INFO = INCLUDE_SOURCE;
				MTL_FAST_MATH = YES;
				ONLY_ACTIVE_ARCH = YES;
				SDKROOT = iphoneos;
				SWIFT_ACTIVE_COMPILATION_CONDITIONS = DEBUG;
				SWIFT_OPTIMIZATION_LEVEL = "-Onone";
			};
			name = Debug;
		};
		5A89E8D629B92F8800A440A8 /* Release */ = {
			isa = XCBuildConfiguration;
			buildSettings = {
				ALWAYS_SEARCH_USER_PATHS = NO;
				CLANG_ANALYZER_NONNULL = YES;
				CLANG_ANALYZER_NUMBER_OBJECT_CONVERSION = YES_AGGRESSIVE;
				CLANG_CXX_LANGUAGE_STANDARD = "gnu++20";
				CLANG_ENABLE_MODULES = YES;
				CLANG_ENABLE_OBJC_ARC = YES;
				CLANG_ENABLE_OBJC_WEAK = YES;
				CLANG_WARN_BLOCK_CAPTURE_AUTORELEASING = YES;
				CLANG_WARN_BOOL_CONVERSION = YES;
				CLANG_WARN_COMMA = YES;
				CLANG_WARN_CONSTANT_CONVERSION = YES;
				CLANG_WARN_DEPRECATED_OBJC_IMPLEMENTATIONS = YES;
				CLANG_WARN_DIRECT_OBJC_ISA_USAGE = YES_ERROR;
				CLANG_WARN_DOCUMENTATION_COMMENTS = YES;
				CLANG_WARN_EMPTY_BODY = YES;
				CLANG_WARN_ENUM_CONVERSION = YES;
				CLANG_WARN_INFINITE_RECURSION = YES;
				CLANG_WARN_INT_CONVERSION = YES;
				CLANG_WARN_NON_LITERAL_NULL_CONVERSION = YES;
				CLANG_WARN_OBJC_IMPLICIT_RETAIN_SELF = YES;
				CLANG_WARN_OBJC_LITERAL_CONVERSION = YES;
				CLANG_WARN_OBJC_ROOT_CLASS = YES_ERROR;
				CLANG_WARN_QUOTED_INCLUDE_IN_FRAMEWORK_HEADER = YES;
				CLANG_WARN_RANGE_LOOP_ANALYSIS = YES;
				CLANG_WARN_STRICT_PROTOTYPES = YES;
				CLANG_WARN_SUSPICIOUS_MOVE = YES;
				CLANG_WARN_UNGUARDED_AVAILABILITY = YES_AGGRESSIVE;
				CLANG_WARN_UNREACHABLE_CODE = YES;
				CLANG_WARN__DUPLICATE_METHOD_MATCH = YES;
				COPY_PHASE_STRIP = NO;
				DEBUG_INFORMATION_FORMAT = "dwarf-with-dsym";
				ENABLE_NS_ASSERTIONS = NO;
				ENABLE_STRICT_OBJC_MSGSEND = YES;
				GCC_C_LANGUAGE_STANDARD = gnu11;
				GCC_NO_COMMON_BLOCKS = YES;
				GCC_WARN_64_TO_32_BIT_CONVERSION = YES;
				GCC_WARN_ABOUT_RETURN_TYPE = YES_ERROR;
				GCC_WARN_UNDECLARED_SELECTOR = YES;
				GCC_WARN_UNINITIALIZED_AUTOS = YES_AGGRESSIVE;
				GCC_WARN_UNUSED_FUNCTION = YES;
				GCC_WARN_UNUSED_VARIABLE = YES;
				IPHONEOS_DEPLOYMENT_TARGET = 16.1;
				MTL_ENABLE_DEBUG_INFO = NO;
				MTL_FAST_MATH = YES;
				SDKROOT = iphoneos;
				SWIFT_COMPILATION_MODE = wholemodule;
				SWIFT_OPTIMIZATION_LEVEL = "-O";
				VALIDATE_PRODUCT = YES;
			};
			name = Release;
		};
		5A89E8D829B92F8800A440A8 /* Debug */ = {
			isa = XCBuildConfiguration;
			buildSettings = {
				ASSETCATALOG_COMPILER_APPICON_NAME = AppIcon;
				ASSETCATALOG_COMPILER_GLOBAL_ACCENT_COLOR_NAME = AccentColor;
				CODE_SIGN_STYLE = Automatic;
				CURRENT_PROJECT_VERSION = 1;
				DEVELOPMENT_TEAM = YVH8FPBK2W;
				GENERATE_INFOPLIST_FILE = YES;
				INFOPLIST_FILE = BestFigmaPlugIn/Info.plist;
				INFOPLIST_KEY_UIApplicationSupportsIndirectInputEvents = YES;
				INFOPLIST_KEY_UILaunchStoryboardName = LaunchScreen;
				INFOPLIST_KEY_UIMainStoryboardFile = Main;
				INFOPLIST_KEY_UISupportedInterfaceOrientations_iPad = "UIInterfaceOrientationPortrait UIInterfaceOrientationPortraitUpsideDown UIInterfaceOrientationLandscapeLeft UIInterfaceOrientationLandscapeRight";
				INFOPLIST_KEY_UISupportedInterfaceOrientations_iPhone = "UIInterfaceOrientationPortrait UIInterfaceOrientationLandscapeLeft UIInterfaceOrientationLandscapeRight";
				LD_RUNPATH_SEARCH_PATHS = (
					"$(inherited)",
					"@executable_path/Frameworks",
				);
				MARKETING_VERSION = 1.0;
				PRODUCT_BUNDLE_IDENTIFIER = Mobi.BestFigmaPlugIn;
				PRODUCT_NAME = "$(TARGET_NAME)";
				SWIFT_EMIT_LOC_STRINGS = YES;
				SWIFT_VERSION = 5.0;
				TARGETED_DEVICE_FAMILY = "1,2";
			};
			name = Debug;
		};
		5A89E8D929B92F8800A440A8 /* Release */ = {
			isa = XCBuildConfiguration;
			buildSettings = {
				ASSETCATALOG_COMPILER_APPICON_NAME = AppIcon;
				ASSETCATALOG_COMPILER_GLOBAL_ACCENT_COLOR_NAME = AccentColor;
				CODE_SIGN_STYLE = Automatic;
				CURRENT_PROJECT_VERSION = 1;
				DEVELOPMENT_TEAM = YVH8FPBK2W;
				GENERATE_INFOPLIST_FILE = YES;
				INFOPLIST_FILE = BestFigmaPlugIn/Info.plist;
				INFOPLIST_KEY_UIApplicationSupportsIndirectInputEvents = YES;
				INFOPLIST_KEY_UILaunchStoryboardName = LaunchScreen;
				INFOPLIST_KEY_UIMainStoryboardFile = Main;
				INFOPLIST_KEY_UISupportedInterfaceOrientations_iPad = "UIInterfaceOrientationPortrait UIInterfaceOrientationPortraitUpsideDown UIInterfaceOrientationLandscapeLeft UIInterfaceOrientationLandscapeRight";
				INFOPLIST_KEY_UISupportedInterfaceOrientations_iPhone = "UIInterfaceOrientationPortrait UIInterfaceOrientationLandscapeLeft UIInterfaceOrientationLandscapeRight";
				LD_RUNPATH_SEARCH_PATHS = (
					"$(inherited)",
					"@executable_path/Frameworks",
				);
				MARKETING_VERSION = 1.0;
				PRODUCT_BUNDLE_IDENTIFIER = Mobi.BestFigmaPlugIn;
				PRODUCT_NAME = "$(TARGET_NAME)";
				SWIFT_EMIT_LOC_STRINGS = YES;
				SWIFT_VERSION = 5.0;
				TARGETED_DEVICE_FAMILY = "1,2";
			};
			name = Release;
		};
		5A89E8DB29B92F8800A440A8 /* Debug */ = {
			isa = XCBuildConfiguration;
			buildSettings = {
				ALWAYS_EMBED_SWIFT_STANDARD_LIBRARIES = YES;
				BUNDLE_LOADER = "$(TEST_HOST)";
				CODE_SIGN_STYLE = Automatic;
				CURRENT_PROJECT_VERSION = 1;
				DEVELOPMENT_TEAM = YVH8FPBK2W;
				GENERATE_INFOPLIST_FILE = YES;
				IPHONEOS_DEPLOYMENT_TARGET = 16.1;
				MARKETING_VERSION = 1.0;
				PRODUCT_BUNDLE_IDENTIFIER = Mobi.BestFigmaPlugInTests;
				PRODUCT_NAME = "$(TARGET_NAME)";
				SWIFT_EMIT_LOC_STRINGS = NO;
				SWIFT_VERSION = 5.0;
				TARGETED_DEVICE_FAMILY = "1,2";
				TEST_HOST = "$(BUILT_PRODUCTS_DIR)/BestFigmaPlugIn.app/$(BUNDLE_EXECUTABLE_FOLDER_PATH)/BestFigmaPlugIn";
			};
			name = Debug;
		};
		5A89E8DC29B92F8800A440A8 /* Release */ = {
			isa = XCBuildConfiguration;
			buildSettings = {
				ALWAYS_EMBED_SWIFT_STANDARD_LIBRARIES = YES;
				BUNDLE_LOADER = "$(TEST_HOST)";
				CODE_SIGN_STYLE = Automatic;
				CURRENT_PROJECT_VERSION = 1;
				DEVELOPMENT_TEAM = YVH8FPBK2W;
				GENERATE_INFOPLIST_FILE = YES;
				IPHONEOS_DEPLOYMENT_TARGET = 16.1;
				MARKETING_VERSION = 1.0;
				PRODUCT_BUNDLE_IDENTIFIER = Mobi.BestFigmaPlugInTests;
				PRODUCT_NAME = "$(TARGET_NAME)";
				SWIFT_EMIT_LOC_STRINGS = NO;
				SWIFT_VERSION = 5.0;
				TARGETED_DEVICE_FAMILY = "1,2";
				TEST_HOST = "$(BUILT_PRODUCTS_DIR)/BestFigmaPlugIn.app/$(BUNDLE_EXECUTABLE_FOLDER_PATH)/BestFigmaPlugIn";
			};
			name = Release;
		};
		5A89E8DE29B92F8800A440A8 /* Debug */ = {
			isa = XCBuildConfiguration;
			buildSettings = {
				ALWAYS_EMBED_SWIFT_STANDARD_LIBRARIES = YES;
				CODE_SIGN_STYLE = Automatic;
				CURRENT_PROJECT_VERSION = 1;
				DEVELOPMENT_TEAM = YVH8FPBK2W;
				GENERATE_INFOPLIST_FILE = YES;
				MARKETING_VERSION = 1.0;
				PRODUCT_BUNDLE_IDENTIFIER = Mobi.BestFigmaPlugInUITests;
				PRODUCT_NAME = "$(TARGET_NAME)";
				SWIFT_EMIT_LOC_STRINGS = NO;
				SWIFT_VERSION = 5.0;
				TARGETED_DEVICE_FAMILY = "1,2";
				TEST_TARGET_NAME = BestFigmaPlugIn;
			};
			name = Debug;
		};
		5A89E8DF29B92F8800A440A8 /* Release */ = {
			isa = XCBuildConfiguration;
			buildSettings = {
				ALWAYS_EMBED_SWIFT_STANDARD_LIBRARIES = YES;
				CODE_SIGN_STYLE = Automatic;
				CURRENT_PROJECT_VERSION = 1;
				DEVELOPMENT_TEAM = YVH8FPBK2W;
				GENERATE_INFOPLIST_FILE = YES;
				MARKETING_VERSION = 1.0;
				PRODUCT_BUNDLE_IDENTIFIER = Mobi.BestFigmaPlugInUITests;
				PRODUCT_NAME = "$(TARGET_NAME)";
				SWIFT_EMIT_LOC_STRINGS = NO;
				SWIFT_VERSION = 5.0;
				TARGETED_DEVICE_FAMILY = "1,2";
				TEST_TARGET_NAME = BestFigmaPlugIn;
			};
			name = Release;
		};
/* End XCBuildConfiguration section */

/* Begin XCConfigurationList section */
		5A89E8A829B92F8600A440A8 /* Build configuration list for PBXProject "BestFigmaPlugIn" */ = {
			isa = XCConfigurationList;
			buildConfigurations = (
				5A89E8D529B92F8800A440A8 /* Debug */,
				5A89E8D629B92F8800A440A8 /* Release */,
			);
			defaultConfigurationIsVisible = 0;
			defaultConfigurationName = Release;
		};
		5A89E8D729B92F8800A440A8 /* Build configuration list for PBXNativeTarget "BestFigmaPlugIn" */ = {
			isa = XCConfigurationList;
			buildConfigurations = (
				5A89E8D829B92F8800A440A8 /* Debug */,
				5A89E8D929B92F8800A440A8 /* Release */,
			);
			defaultConfigurationIsVisible = 0;
			defaultConfigurationName = Release;
		};
		5A89E8DA29B92F8800A440A8 /* Build configuration list for PBXNativeTarget "BestFigmaPlugInTests" */ = {
			isa = XCConfigurationList;
			buildConfigurations = (
				5A89E8DB29B92F8800A440A8 /* Debug */,
				5A89E8DC29B92F8800A440A8 /* Release */,
			);
			defaultConfigurationIsVisible = 0;
			defaultConfigurationName = Release;
		};
		5A89E8DD29B92F8800A440A8 /* Build configuration list for PBXNativeTarget "BestFigmaPlugInUITests" */ = {
			isa = XCConfigurationList;
			buildConfigurations = (
				5A89E8DE29B92F8800A440A8 /* Debug */,
				5A89E8DF29B92F8800A440A8 /* Release */,
			);
			defaultConfigurationIsVisible = 0;
			defaultConfigurationName = Release;
		};
/* End XCConfigurationList section */
	};
	rootObject = 5A89E8A529B92F8600A440A8 /* Project object */;
}
